
Microsoft Visual Studio Solution File, Format Version 12.00
# Visual Studio Version 16
VisualStudioVersion = 16.0.32602.291
MinimumVisualStudioVersion = 10.0.40219.1
Project("{FAE04EC0-301F-11D3-BF4B-00C04F79EFBC}") = "ExplorerTurretToggle", "TurretReset\ExplorerTurretToggle.csproj", "{02AFE358-0B22-48B5-A05E-C54926F10E0D}"
EndProject
Global
	GlobalSection(SolutionConfigurationPlatforms) = preSolution
		Debug|x64 = Debug|x64
	EndGlobalSection
	GlobalSection(ProjectConfigurationPlatforms) = postSolution
		{02AFE358-0B22-48B5-A05E-C54926F10E0D}.Debug|x64.ActiveCfg = Debug|x64
		{02AFE358-0B22-48B5-A05E-C54926F10E0D}.Debug|x64.Build.0 = Debug|x64
	EndGlobalSection
	GlobalSection(SolutionProperties) = preSolution
		HideSolutionNode = FALSE
	EndGlobalSection
	GlobalSection(ExtensibilityGlobals) = postSolution
		SolutionGuid = {1C40FBC1-B747-4511-A1E0-D4AAE3550F2C}
	EndGlobalSection
EndGlobal
